// !$*UTF8*$!
{
	archiveVersion = 1;
	classes = {
	};
	objectVersion = 56;
	objects = {

/* Begin PBXBuildFile section */
		264E6CD92C29FB5F002A4209 /* String+Extensions.swift in Sources */ = {isa = PBXBuildFile; fileRef = 264E6CD82C29FB5F002A4209 /* String+Extensions.swift */; };
		264E6CDE2C2AAD87002A4209 /* ReposViewController.swift in Sources */ = {isa = PBXBuildFile; fileRef = 264E6CDD2C2AAD87002A4209 /* ReposViewController.swift */; };
		264E6CE32C2AAF5A002A4209 /* Networking.swift in Sources */ = {isa = PBXBuildFile; fileRef = 264E6CE22C2AAF5A002A4209 /* Networking.swift */; };
		264E6CE52C2AB01C002A4209 /* NetworkRequests.swift in Sources */ = {isa = PBXBuildFile; fileRef = 264E6CE42C2AB01C002A4209 /* NetworkRequests.swift */; };
		264E6CE82C2AB131002A4209 /* DataModels.swift in Sources */ = {isa = PBXBuildFile; fileRef = 264E6CE72C2AB131002A4209 /* DataModels.swift */; };
		264E6CEC2C2AF6C9002A4209 /* ReposCellView.swift in Sources */ = {isa = PBXBuildFile; fileRef = 264E6CEB2C2AF6C9002A4209 /* ReposCellView.swift */; };
		264E6CEE2C2B12B7002A4209 /* RepoDetailsView.swift in Sources */ = {isa = PBXBuildFile; fileRef = 264E6CED2C2B12B7002A4209 /* RepoDetailsView.swift */; };
		264E6CF02C2B1358002A4209 /* RepoDetailsViewController.swift in Sources */ = {isa = PBXBuildFile; fileRef = 264E6CEF2C2B1358002A4209 /* RepoDetailsViewController.swift */; };
		264E6CF32C2B1743002A4209 /* NavigationViewController.swift in Sources */ = {isa = PBXBuildFile; fileRef = 264E6CF22C2B1743002A4209 /* NavigationViewController.swift */; };
		2688F9812C29DB92001F516D /* AppDelegate.swift in Sources */ = {isa = PBXBuildFile; fileRef = 2688F9802C29DB92001F516D /* AppDelegate.swift */; };
		2688F9832C29DB92001F516D /* SceneDelegate.swift in Sources */ = {isa = PBXBuildFile; fileRef = 2688F9822C29DB92001F516D /* SceneDelegate.swift */; };
		2688F98A2C29DB96001F516D /* Assets.xcassets in Resources */ = {isa = PBXBuildFile; fileRef = 2688F9892C29DB96001F516D /* Assets.xcassets */; };
		2688F98D2C29DB96001F516D /* LaunchScreen.storyboard in Resources */ = {isa = PBXBuildFile; fileRef = 2688F98B2C29DB96001F516D /* LaunchScreen.storyboard */; };
/* End PBXBuildFile section */

/* Begin PBXContainerItemProxy section */
		2688F9942C29DB97001F516D /* PBXContainerItemProxy */ = {
			isa = PBXContainerItemProxy;
			containerPortal = 2688F9752C29DB92001F516D /* Project object */;
			proxyType = 1;
			remoteGlobalIDString = 2688F97C2C29DB92001F516D;
			remoteInfo = AzikusTask;
		};
		2688F99E2C29DB97001F516D /* PBXContainerItemProxy */ = {
			isa = PBXContainerItemProxy;
			containerPortal = 2688F9752C29DB92001F516D /* Project object */;
			proxyType = 1;
			remoteGlobalIDString = 2688F97C2C29DB92001F516D;
			remoteInfo = AzikusTask;
		};
/* End PBXContainerItemProxy section */

/* Begin PBXFileReference section */
		264E6CD82C29FB5F002A4209 /* String+Extensions.swift */ = {isa = PBXFileReference; lastKnownFileType = sourcecode.swift; path = "String+Extensions.swift"; sourceTree = "<group>"; };
		264E6CDD2C2AAD87002A4209 /* ReposViewController.swift */ = {isa = PBXFileReference; lastKnownFileType = sourcecode.swift; path = ReposViewController.swift; sourceTree = "<group>"; };
		264E6CE22C2AAF5A002A4209 /* Networking.swift */ = {isa = PBXFileReference; lastKnownFileType = sourcecode.swift; path = Networking.swift; sourceTree = "<group>"; };
		264E6CE42C2AB01C002A4209 /* NetworkRequests.swift */ = {isa = PBXFileReference; lastKnownFileType = sourcecode.swift; path = NetworkRequests.swift; sourceTree = "<group>"; };
		264E6CE72C2AB131002A4209 /* DataModels.swift */ = {isa = PBXFileReference; lastKnownFileType = sourcecode.swift; path = DataModels.swift; sourceTree = "<group>"; };
		264E6CEB2C2AF6C9002A4209 /* ReposCellView.swift */ = {isa = PBXFileReference; lastKnownFileType = sourcecode.swift; path = ReposCellView.swift; sourceTree = "<group>"; };
		264E6CED2C2B12B7002A4209 /* RepoDetailsView.swift */ = {isa = PBXFileReference; lastKnownFileType = sourcecode.swift; path = RepoDetailsView.swift; sourceTree = "<group>"; };
		264E6CEF2C2B1358002A4209 /* RepoDetailsViewController.swift */ = {isa = PBXFileReference; lastKnownFileType = sourcecode.swift; path = RepoDetailsViewController.swift; sourceTree = "<group>"; };
		264E6CF22C2B1743002A4209 /* NavigationViewController.swift */ = {isa = PBXFileReference; lastKnownFileType = sourcecode.swift; path = NavigationViewController.swift; sourceTree = "<group>"; };
		2688F97D2C29DB92001F516D /* AzikusTask.app */ = {isa = PBXFileReference; explicitFileType = wrapper.application; includeInIndex = 0; path = AzikusTask.app; sourceTree = BUILT_PRODUCTS_DIR; };
		2688F9802C29DB92001F516D /* AppDelegate.swift */ = {isa = PBXFileReference; lastKnownFileType = sourcecode.swift; path = AppDelegate.swift; sourceTree = "<group>"; };
		2688F9822C29DB92001F516D /* SceneDelegate.swift */ = {isa = PBXFileReference; lastKnownFileType = sourcecode.swift; path = SceneDelegate.swift; sourceTree = "<group>"; };
		2688F9892C29DB96001F516D /* Assets.xcassets */ = {isa = PBXFileReference; lastKnownFileType = folder.assetcatalog; path = Assets.xcassets; sourceTree = "<group>"; };
		2688F98C2C29DB96001F516D /* Base */ = {isa = PBXFileReference; lastKnownFileType = file.storyboard; name = Base; path = Base.lproj/LaunchScreen.storyboard; sourceTree = "<group>"; };
		2688F98E2C29DB96001F516D /* Info.plist */ = {isa = PBXFileReference; lastKnownFileType = text.plist.xml; path = Info.plist; sourceTree = "<group>"; };
		2688F9932C29DB97001F516D /* AzikusTaskTests.xctest */ = {isa = PBXFileReference; explicitFileType = wrapper.cfbundle; includeInIndex = 0; path = AzikusTaskTests.xctest; sourceTree = BUILT_PRODUCTS_DIR; };
		2688F99D2C29DB97001F516D /* AzikusTaskUITests.xctest */ = {isa = PBXFileReference; explicitFileType = wrapper.cfbundle; includeInIndex = 0; path = AzikusTaskUITests.xctest; sourceTree = BUILT_PRODUCTS_DIR; };
/* End PBXFileReference section */

/* Begin PBXFrameworksBuildPhase section */
		2688F97A2C29DB92001F516D /* Frameworks */ = {
			isa = PBXFrameworksBuildPhase;
			buildActionMask = 2147483647;
			files = (
			);
			runOnlyForDeploymentPostprocessing = 0;
		};
		2688F9902C29DB97001F516D /* Frameworks */ = {
			isa = PBXFrameworksBuildPhase;
			buildActionMask = 2147483647;
			files = (
			);
			runOnlyForDeploymentPostprocessing = 0;
		};
		2688F99A2C29DB97001F516D /* Frameworks */ = {
			isa = PBXFrameworksBuildPhase;
			buildActionMask = 2147483647;
			files = (
			);
			runOnlyForDeploymentPostprocessing = 0;
		};
/* End PBXFrameworksBuildPhase section */

/* Begin PBXGroup section */
		264E6CD72C29FB45002A4209 /* Extensions */ = {
			isa = PBXGroup;
			children = (
				264E6CD82C29FB5F002A4209 /* String+Extensions.swift */,
			);
			path = Extensions;
			sourceTree = "<group>";
		};
		264E6CDA2C29FBA8002A4209 /* Networking */ = {
			isa = PBXGroup;
			children = (
				264E6CE22C2AAF5A002A4209 /* Networking.swift */,
				264E6CE42C2AB01C002A4209 /* NetworkRequests.swift */,
			);
			path = Networking;
			sourceTree = "<group>";
		};
		264E6CDB2C2AAD6C002A4209 /* Repos */ = {
			isa = PBXGroup;
			children = (
				264E6CDF2C2AAE08002A4209 /* Views */,
				264E6CDC2C2AAD72002A4209 /* ViewControllers */,
			);
			path = Repos;
			sourceTree = "<group>";
		};
		264E6CDC2C2AAD72002A4209 /* ViewControllers */ = {
			isa = PBXGroup;
			children = (
				264E6CDD2C2AAD87002A4209 /* ReposViewController.swift */,
				264E6CEF2C2B1358002A4209 /* RepoDetailsViewController.swift */,
			);
			path = ViewControllers;
			sourceTree = "<group>";
		};
		264E6CDF2C2AAE08002A4209 /* Views */ = {
			isa = PBXGroup;
			children = (
				264E6CEB2C2AF6C9002A4209 /* ReposCellView.swift */,
				264E6CED2C2B12B7002A4209 /* RepoDetailsView.swift */,
			);
			path = Views;
			sourceTree = "<group>";
		};
		264E6CE62C2AB0EA002A4209 /* DataModels */ = {
			isa = PBXGroup;
			children = (
				264E6CE72C2AB131002A4209 /* DataModels.swift */,
			);
			path = DataModels;
			sourceTree = "<group>";
		};
		264E6CF12C2B171D002A4209 /* Navigation */ = {
			isa = PBXGroup;
			children = (
				264E6CF22C2B1743002A4209 /* NavigationViewController.swift */,
			);
			path = Navigation;
			sourceTree = "<group>";
		};
		2688F9742C29DB92001F516D = {
			isa = PBXGroup;
			children = (
				2688F97F2C29DB92001F516D /* AzikusTask */,
				2688F97E2C29DB92001F516D /* Products */,
			);
			sourceTree = "<group>";
		};
		2688F97E2C29DB92001F516D /* Products */ = {
			isa = PBXGroup;
			children = (
				2688F97D2C29DB92001F516D /* AzikusTask.app */,
				2688F9932C29DB97001F516D /* AzikusTaskTests.xctest */,
				2688F99D2C29DB97001F516D /* AzikusTaskUITests.xctest */,
			);
			name = Products;
			sourceTree = "<group>";
		};
		2688F97F2C29DB92001F516D /* AzikusTask */ = {
			isa = PBXGroup;
			children = (
				264E6CF12C2B171D002A4209 /* Navigation */,
				264E6CE62C2AB0EA002A4209 /* DataModels */,
				264E6CDB2C2AAD6C002A4209 /* Repos */,
				264E6CDA2C29FBA8002A4209 /* Networking */,
				264E6CD72C29FB45002A4209 /* Extensions */,
				2688F9802C29DB92001F516D /* AppDelegate.swift */,
				2688F9822C29DB92001F516D /* SceneDelegate.swift */,
				2688F9892C29DB96001F516D /* Assets.xcassets */,
				2688F98B2C29DB96001F516D /* LaunchScreen.storyboard */,
				2688F98E2C29DB96001F516D /* Info.plist */,
			);
			path = AzikusTask;
			sourceTree = "<group>";
		};
/* End PBXGroup section */

/* Begin PBXNativeTarget section */
		2688F97C2C29DB92001F516D /* AzikusTask */ = {
			isa = PBXNativeTarget;
			buildConfigurationList = 2688F9A72C29DB97001F516D /* Build configuration list for PBXNativeTarget "AzikusTask" */;
			buildPhases = (
				2688F9792C29DB92001F516D /* Sources */,
				2688F97A2C29DB92001F516D /* Frameworks */,
				2688F97B2C29DB92001F516D /* Resources */,
			);
			buildRules = (
			);
			dependencies = (
			);
			name = AzikusTask;
			productName = AzikusTask;
			productReference = 2688F97D2C29DB92001F516D /* AzikusTask.app */;
			productType = "com.apple.product-type.application";
		};
		2688F9922C29DB97001F516D /* AzikusTaskTests */ = {
			isa = PBXNativeTarget;
			buildConfigurationList = 2688F9AA2C29DB97001F516D /* Build configuration list for PBXNativeTarget "AzikusTaskTests" */;
			buildPhases = (
				2688F98F2C29DB97001F516D /* Sources */,
				2688F9902C29DB97001F516D /* Frameworks */,
				2688F9912C29DB97001F516D /* Resources */,
			);
			buildRules = (
			);
			dependencies = (
				2688F9952C29DB97001F516D /* PBXTargetDependency */,
			);
			name = AzikusTaskTests;
			productName = AzikusTaskTests;
			productReference = 2688F9932C29DB97001F516D /* AzikusTaskTests.xctest */;
			productType = "com.apple.product-type.bundle.unit-test";
		};
		2688F99C2C29DB97001F516D /* AzikusTaskUITests */ = {
			isa = PBXNativeTarget;
			buildConfigurationList = 2688F9AD2C29DB97001F516D /* Build configuration list for PBXNativeTarget "AzikusTaskUITests" */;
			buildPhases = (
				2688F9992C29DB97001F516D /* Sources */,
				2688F99A2C29DB97001F516D /* Frameworks */,
				2688F99B2C29DB97001F516D /* Resources */,
			);
			buildRules = (
			);
			dependencies = (
				2688F99F2C29DB97001F516D /* PBXTargetDependency */,
			);
			name = AzikusTaskUITests;
			productName = AzikusTaskUITests;
			productReference = 2688F99D2C29DB97001F516D /* AzikusTaskUITests.xctest */;
			productType = "com.apple.product-type.bundle.ui-testing";
		};
/* End PBXNativeTarget section */

/* Begin PBXProject section */
		2688F9752C29DB92001F516D /* Project object */ = {
			isa = PBXProject;
			attributes = {
				BuildIndependentTargetsInParallel = 1;
				LastSwiftUpdateCheck = 1500;
				LastUpgradeCheck = 1500;
				TargetAttributes = {
					2688F97C2C29DB92001F516D = {
						CreatedOnToolsVersion = 15.0.1;
					};
					2688F9922C29DB97001F516D = {
						CreatedOnToolsVersion = 15.0.1;
						TestTargetID = 2688F97C2C29DB92001F516D;
					};
					2688F99C2C29DB97001F516D = {
						CreatedOnToolsVersion = 15.0.1;
						TestTargetID = 2688F97C2C29DB92001F516D;
					};
				};
			};
			buildConfigurationList = 2688F9782C29DB92001F516D /* Build configuration list for PBXProject "AzikusTask" */;
			compatibilityVersion = "Xcode 14.0";
			developmentRegion = en;
			hasScannedForEncodings = 0;
			knownRegions = (
				en,
				Base,
			);
			mainGroup = 2688F9742C29DB92001F516D;
			productRefGroup = 2688F97E2C29DB92001F516D /* Products */;
			projectDirPath = "";
			projectRoot = "";
			targets = (
				2688F97C2C29DB92001F516D /* AzikusTask */,
				2688F9922C29DB97001F516D /* AzikusTaskTests */,
				2688F99C2C29DB97001F516D /* AzikusTaskUITests */,
			);
		};
/* End PBXProject section */

/* Begin PBXResourcesBuildPhase section */
		2688F97B2C29DB92001F516D /* Resources */ = {
			isa = PBXResourcesBuildPhase;
			buildActionMask = 2147483647;
			files = (
				2688F98D2C29DB96001F516D /* LaunchScreen.storyboard in Resources */,
				2688F98A2C29DB96001F516D /* Assets.xcassets in Resources */,
			);
			runOnlyForDeploymentPostprocessing = 0;
		};
		2688F9912C29DB97001F516D /* Resources */ = {
			isa = PBXResourcesBuildPhase;
			buildActionMask = 2147483647;
			files = (
			);
			runOnlyForDeploymentPostprocessing = 0;
		};
		2688F99B2C29DB97001F516D /* Resources */ = {
			isa = PBXResourcesBuildPhase;
			buildActionMask = 2147483647;
			files = (
			);
			runOnlyForDeploymentPostprocessing = 0;
		};
/* End PBXResourcesBuildPhase section */

/* Begin PBXSourcesBuildPhase section */
		2688F9792C29DB92001F516D /* Sources */ = {
			isa = PBXSourcesBuildPhase;
			buildActionMask = 2147483647;
			files = (
				264E6CE82C2AB131002A4209 /* DataModels.swift in Sources */,
				264E6CF32C2B1743002A4209 /* NavigationViewController.swift in Sources */,
				264E6CD92C29FB5F002A4209 /* String+Extensions.swift in Sources */,
				264E6CEC2C2AF6C9002A4209 /* ReposCellView.swift in Sources */,
				264E6CE52C2AB01C002A4209 /* NetworkRequests.swift in Sources */,
				264E6CEE2C2B12B7002A4209 /* RepoDetailsView.swift in Sources */,
				264E6CF02C2B1358002A4209 /* RepoDetailsViewController.swift in Sources */,
				264E6CDE2C2AAD87002A4209 /* ReposViewController.swift in Sources */,
				264E6CE32C2AAF5A002A4209 /* Networking.swift in Sources */,
				2688F9812C29DB92001F516D /* AppDelegate.swift in Sources */,
				2688F9832C29DB92001F516D /* SceneDelegate.swift in Sources */,
			);
			runOnlyForDeploymentPostprocessing = 0;
		};
		2688F98F2C29DB97001F516D /* Sources */ = {
			isa = PBXSourcesBuildPhase;
			buildActionMask = 2147483647;
			files = (
			);
			runOnlyForDeploymentPostprocessing = 0;
		};
		2688F9992C29DB97001F516D /* Sources */ = {
			isa = PBXSourcesBuildPhase;
			buildActionMask = 2147483647;
			files = (
			);
			runOnlyForDeploymentPostprocessing = 0;
		};
/* End PBXSourcesBuildPhase section */

/* Begin PBXTargetDependency section */
		2688F9952C29DB97001F516D /* PBXTargetDependency */ = {
			isa = PBXTargetDependency;
			target = 2688F97C2C29DB92001F516D /* AzikusTask */;
			targetProxy = 2688F9942C29DB97001F516D /* PBXContainerItemProxy */;
		};
		2688F99F2C29DB97001F516D /* PBXTargetDependency */ = {
			isa = PBXTargetDependency;
			target = 2688F97C2C29DB92001F516D /* AzikusTask */;
			targetProxy = 2688F99E2C29DB97001F516D /* PBXContainerItemProxy */;
		};
/* End PBXTargetDependency section */

/* Begin PBXVariantGroup section */
		2688F98B2C29DB96001F516D /* LaunchScreen.storyboard */ = {
			isa = PBXVariantGroup;
			children = (
				2688F98C2C29DB96001F516D /* Base */,
			);
			name = LaunchScreen.storyboard;
			sourceTree = "<group>";
		};
/* End PBXVariantGroup section */

/* Begin XCBuildConfiguration section */
		2688F9A52C29DB97001F516D /* Debug */ = {
			isa = XCBuildConfiguration;
			buildSettings = {
				ALWAYS_SEARCH_USER_PATHS = NO;
				ASSETCATALOG_COMPILER_GENERATE_SWIFT_ASSET_SYMBOL_EXTENSIONS = YES;
				CLANG_ANALYZER_NONNULL = YES;
				CLANG_ANALYZER_NUMBER_OBJECT_CONVERSION = YES_AGGRESSIVE;
				CLANG_CXX_LANGUAGE_STANDARD = "gnu++20";
				CLANG_ENABLE_MODULES = YES;
				CLANG_ENABLE_OBJC_ARC = YES;
				CLANG_ENABLE_OBJC_WEAK = YES;
				CLANG_WARN_BLOCK_CAPTURE_AUTORELEASING = YES;
				CLANG_WARN_BOOL_CONVERSION = YES;
				CLANG_WARN_COMMA = YES;
				CLANG_WARN_CONSTANT_CONVERSION = YES;
				CLANG_WARN_DEPRECATED_OBJC_IMPLEMENTATIONS = YES;
				CLANG_WARN_DIRECT_OBJC_ISA_USAGE = YES_ERROR;
				CLANG_WARN_DOCUMENTATION_COMMENTS = YES;
				CLANG_WARN_EMPTY_BODY = YES;
				CLANG_WARN_ENUM_CONVERSION = YES;
				CLANG_WARN_INFINITE_RECURSION = YES;
				CLANG_WARN_INT_CONVERSION = YES;
				CLANG_WARN_NON_LITERAL_NULL_CONVERSION = YES;
				CLANG_WARN_OBJC_IMPLICIT_RETAIN_SELF = YES;
				CLANG_WARN_OBJC_LITERAL_CONVERSION = YES;
				CLANG_WARN_OBJC_ROOT_CLASS = YES_ERROR;
				CLANG_WARN_QUOTED_INCLUDE_IN_FRAMEWORK_HEADER = YES;
				CLANG_WARN_RANGE_LOOP_ANALYSIS = YES;
				CLANG_WARN_STRICT_PROTOTYPES = YES;
				CLANG_WARN_SUSPICIOUS_MOVE = YES;
				CLANG_WARN_UNGUARDED_AVAILABILITY = YES_AGGRESSIVE;
				CLANG_WARN_UNREACHABLE_CODE = YES;
				CLANG_WARN__DUPLICATE_METHOD_MATCH = YES;
				COPY_PHASE_STRIP = NO;
				DEBUG_INFORMATION_FORMAT = dwarf;
				ENABLE_STRICT_OBJC_MSGSEND = YES;
				ENABLE_TESTABILITY = YES;
				ENABLE_USER_SCRIPT_SANDBOXING = YES;
				GCC_C_LANGUAGE_STANDARD = gnu17;
				GCC_DYNAMIC_NO_PIC = NO;
				GCC_NO_COMMON_BLOCKS = YES;
				GCC_OPTIMIZATION_LEVEL = 0;
				GCC_PREPROCESSOR_DEFINITIONS = (
					"DEBUG=1",
					"$(inherited)",
				);
				GCC_WARN_64_TO_32_BIT_CONVERSION = YES;
				GCC_WARN_ABOUT_RETURN_TYPE = YES_ERROR;
				GCC_WARN_UNDECLARED_SELECTOR = YES;
				GCC_WARN_UNINITIALIZED_AUTOS = YES_AGGRESSIVE;
				GCC_WARN_UNUSED_FUNCTION = YES;
				GCC_WARN_UNUSED_VARIABLE = YES;
				IPHONEOS_DEPLOYMENT_TARGET = 17.0;
				LOCALIZATION_PREFERS_STRING_CATALOGS = YES;
				MTL_ENABLE_DEBUG_INFO = INCLUDE_SOURCE;
				MTL_FAST_MATH = YES;
				ONLY_ACTIVE_ARCH = YES;
				SDKROOT = iphoneos;
				SWIFT_ACTIVE_COMPILATION_CONDITIONS = "DEBUG $(inherited)";
				SWIFT_OPTIMIZATION_LEVEL = "-Onone";
			};
			name = Debug;
		};
		2688F9A62C29DB97001F516D /* Release */ = {
			isa = XCBuildConfiguration;
			buildSettings = {
				ALWAYS_SEARCH_USER_PATHS = NO;
				ASSETCATALOG_COMPILER_GENERATE_SWIFT_ASSET_SYMBOL_EXTENSIONS = YES;
				CLANG_ANALYZER_NONNULL = YES;
				CLANG_ANALYZER_NUMBER_OBJECT_CONVERSION = YES_AGGRESSIVE;
				CLANG_CXX_LANGUAGE_STANDARD = "gnu++20";
				CLANG_ENABLE_MODULES = YES;
				CLANG_ENABLE_OBJC_ARC = YES;
				CLANG_ENABLE_OBJC_WEAK = YES;
				CLANG_WARN_BLOCK_CAPTURE_AUTORELEASING = YES;
				CLANG_WARN_BOOL_CONVERSION = YES;
				CLANG_WARN_COMMA = YES;
				CLANG_WARN_CONSTANT_CONVERSION = YES;
				CLANG_WARN_DEPRECATED_OBJC_IMPLEMENTATIONS = YES;
				CLANG_WARN_DIRECT_OBJC_ISA_USAGE = YES_ERROR;
				CLANG_WARN_DOCUMENTATION_COMMENTS = YES;
				CLANG_WARN_EMPTY_BODY = YES;
				CLANG_WARN_ENUM_CONVERSION = YES;
				CLANG_WARN_INFINITE_RECURSION = YES;
				CLANG_WARN_INT_CONVERSION = YES;
				CLANG_WARN_NON_LITERAL_NULL_CONVERSION = YES;
				CLANG_WARN_OBJC_IMPLICIT_RETAIN_SELF = YES;
				CLANG_WARN_OBJC_LITERAL_CONVERSION = YES;
				CLANG_WARN_OBJC_ROOT_CLASS = YES_ERROR;
				CLANG_WARN_QUOTED_INCLUDE_IN_FRAMEWORK_HEADER = YES;
				CLANG_WARN_RANGE_LOOP_ANALYSIS = YES;
				CLANG_WARN_STRICT_PROTOTYPES = YES;
				CLANG_WARN_SUSPICIOUS_MOVE = YES;
				CLANG_WARN_UNGUARDED_AVAILABILITY = YES_AGGRESSIVE;
				CLANG_WARN_UNREACHABLE_CODE = YES;
				CLANG_WARN__DUPLICATE_METHOD_MATCH = YES;
				COPY_PHASE_STRIP = NO;
				DEBUG_INFORMATION_FORMAT = "dwarf-with-dsym";
				ENABLE_NS_ASSERTIONS = NO;
				ENABLE_STRICT_OBJC_MSGSEND = YES;
				ENABLE_USER_SCRIPT_SANDBOXING = YES;
				GCC_C_LANGUAGE_STANDARD = gnu17;
				GCC_NO_COMMON_BLOCKS = YES;
				GCC_WARN_64_TO_32_BIT_CONVERSION = YES;
				GCC_WARN_ABOUT_RETURN_TYPE = YES_ERROR;
				GCC_WARN_UNDECLARED_SELECTOR = YES;
				GCC_WARN_UNINITIALIZED_AUTOS = YES_AGGRESSIVE;
				GCC_WARN_UNUSED_FUNCTION = YES;
				GCC_WARN_UNUSED_VARIABLE = YES;
				IPHONEOS_DEPLOYMENT_TARGET = 17.0;
				LOCALIZATION_PREFERS_STRING_CATALOGS = YES;
				MTL_ENABLE_DEBUG_INFO = NO;
				MTL_FAST_MATH = YES;
				SDKROOT = iphoneos;
				SWIFT_COMPILATION_MODE = wholemodule;
				VALIDATE_PRODUCT = YES;
			};
			name = Release;
		};
		2688F9A82C29DB97001F516D /* Debug */ = {
			isa = XCBuildConfiguration;
			buildSettings = {
				ASSETCATALOG_COMPILER_APPICON_NAME = AppIcon;
				ASSETCATALOG_COMPILER_GLOBAL_ACCENT_COLOR_NAME = AccentColor;
				CODE_SIGN_STYLE = Automatic;
				CURRENT_PROJECT_VERSION = 1;
				GENERATE_INFOPLIST_FILE = YES;
				INFOPLIST_FILE = AzikusTask/Info.plist;
				INFOPLIST_KEY_UIApplicationSupportsIndirectInputEvents = YES;
				INFOPLIST_KEY_UILaunchStoryboardName = LaunchScreen;
				INFOPLIST_KEY_UISupportedInterfaceOrientations_iPad = "UIInterfaceOrientationPortrait UIInterfaceOrientationPortraitUpsideDown UIInterfaceOrientationLandscapeLeft UIInterfaceOrientationLandscapeRight";
				INFOPLIST_KEY_UISupportedInterfaceOrientations_iPhone = "UIInterfaceOrientationPortrait UIInterfaceOrientationLandscapeLeft UIInterfaceOrientationLandscapeRight";
				LD_RUNPATH_SEARCH_PATHS = (
					"$(inherited)",
					"@executable_path/Frameworks",
				);
				MARKETING_VERSION = 1.0;
				PRODUCT_BUNDLE_IDENTIFIER = com.jukic.tin.AzikusTask;
				PRODUCT_NAME = "$(TARGET_NAME)";
				SWIFT_EMIT_LOC_STRINGS = YES;
				SWIFT_VERSION = 5.0;
				TARGETED_DEVICE_FAMILY = "1,2";
			};
			name = Debug;
		};
		2688F9A92C29DB97001F516D /* Release */ = {
			isa = XCBuildConfiguration;
			buildSettings = {
				ASSETCATALOG_COMPILER_APPICON_NAME = AppIcon;
				ASSETCATALOG_COMPILER_GLOBAL_ACCENT_COLOR_NAME = AccentColor;
				CODE_SIGN_STYLE = Automatic;
				CURRENT_PROJECT_VERSION = 1;
				GENERATE_INFOPLIST_FILE = YES;
				INFOPLIST_FILE = AzikusTask/Info.plist;
				INFOPLIST_KEY_UIApplicationSupportsIndirectInputEvents = YES;
				INFOPLIST_KEY_UILaunchStoryboardName = LaunchScreen;
				INFOPLIST_KEY_UISupportedInterfaceOrientations_iPad = "UIInterfaceOrientationPortrait UIInterfaceOrientationPortraitUpsideDown UIInterfaceOrientationLandscapeLeft UIInterfaceOrientationLandscapeRight";
				INFOPLIST_KEY_UISupportedInterfaceOrientations_iPhone = "UIInterfaceOrientationPortrait UIInterfaceOrientationLandscapeLeft UIInterfaceOrientationLandscapeRight";
				LD_RUNPATH_SEARCH_PATHS = (
					"$(inherited)",
					"@executable_path/Frameworks",
				);
				MARKETING_VERSION = 1.0;
				PRODUCT_BUNDLE_IDENTIFIER = com.jukic.tin.AzikusTask;
				PRODUCT_NAME = "$(TARGET_NAME)";
				SWIFT_EMIT_LOC_STRINGS = YES;
				SWIFT_VERSION = 5.0;
				TARGETED_DEVICE_FAMILY = "1,2";
			};
			name = Release;
		};
		2688F9AB2C29DB97001F516D /* Debug */ = {
			isa = XCBuildConfiguration;
			buildSettings = {
				ALWAYS_EMBED_SWIFT_STANDARD_LIBRARIES = YES;
				BUNDLE_LOADER = "$(TEST_HOST)";
				CODE_SIGN_STYLE = Automatic;
				CURRENT_PROJECT_VERSION = 1;
				GENERATE_INFOPLIST_FILE = YES;
				IPHONEOS_DEPLOYMENT_TARGET = 17.0;
				MARKETING_VERSION = 1.0;
				PRODUCT_BUNDLE_IDENTIFIER = com.jukic.tin.AzikusTaskTests;
				PRODUCT_NAME = "$(TARGET_NAME)";
				SWIFT_EMIT_LOC_STRINGS = NO;
				SWIFT_VERSION = 5.0;
				TARGETED_DEVICE_FAMILY = "1,2";
				TEST_HOST = "$(BUILT_PRODUCTS_DIR)/AzikusTask.app/$(BUNDLE_EXECUTABLE_FOLDER_PATH)/AzikusTask";
			};
			name = Debug;
		};
		2688F9AC2C29DB97001F516D /* Release */ = {
			isa = XCBuildConfiguration;
			buildSettings = {
				ALWAYS_EMBED_SWIFT_STANDARD_LIBRARIES = YES;
				BUNDLE_LOADER = "$(TEST_HOST)";
				CODE_SIGN_STYLE = Automatic;
				CURRENT_PROJECT_VERSION = 1;
				GENERATE_INFOPLIST_FILE = YES;
				IPHONEOS_DEPLOYMENT_TARGET = 17.0;
				MARKETING_VERSION = 1.0;
				PRODUCT_BUNDLE_IDENTIFIER = com.jukic.tin.AzikusTaskTests;
				PRODUCT_NAME = "$(TARGET_NAME)";
				SWIFT_EMIT_LOC_STRINGS = NO;
				SWIFT_VERSION = 5.0;
				TARGETED_DEVICE_FAMILY = "1,2";
				TEST_HOST = "$(BUILT_PRODUCTS_DIR)/AzikusTask.app/$(BUNDLE_EXECUTABLE_FOLDER_PATH)/AzikusTask";
			};
			name = Release;
		};
		2688F9AE2C29DB97001F516D /* Debug */ = {
			isa = XCBuildConfiguration;
			buildSettings = {
				ALWAYS_EMBED_SWIFT_STANDARD_LIBRARIES = YES;
				CODE_SIGN_STYLE = Automatic;
				CURRENT_PROJECT_VERSION = 1;
				GENERATE_INFOPLIST_FILE = YES;
				MARKETING_VERSION = 1.0;
				PRODUCT_BUNDLE_IDENTIFIER = com.jukic.tin.AzikusTaskUITests;
				PRODUCT_NAME = "$(TARGET_NAME)";
				SWIFT_EMIT_LOC_STRINGS = NO;
				SWIFT_VERSION = 5.0;
				TARGETED_DEVICE_FAMILY = "1,2";
				TEST_TARGET_NAME = AzikusTask;
			};
			name = Debug;
		};
		2688F9AF2C29DB97001F516D /* Release */ = {
			isa = XCBuildConfiguration;
			buildSettings = {
				ALWAYS_EMBED_SWIFT_STANDARD_LIBRARIES = YES;
				CODE_SIGN_STYLE = Automatic;
				CURRENT_PROJECT_VERSION = 1;
				GENERATE_INFOPLIST_FILE = YES;
				MARKETING_VERSION = 1.0;
				PRODUCT_BUNDLE_IDENTIFIER = com.jukic.tin.AzikusTaskUITests;
				PRODUCT_NAME = "$(TARGET_NAME)";
				SWIFT_EMIT_LOC_STRINGS = NO;
				SWIFT_VERSION = 5.0;
				TARGETED_DEVICE_FAMILY = "1,2";
				TEST_TARGET_NAME = AzikusTask;
			};
			name = Release;
		};
/* End XCBuildConfiguration section */

/* Begin XCConfigurationList section */
		2688F9782C29DB92001F516D /* Build configuration list for PBXProject "AzikusTask" */ = {
			isa = XCConfigurationList;
			buildConfigurations = (
				2688F9A52C29DB97001F516D /* Debug */,
				2688F9A62C29DB97001F516D /* Release */,
			);
			defaultConfigurationIsVisible = 0;
			defaultConfigurationName = Release;
		};
		2688F9A72C29DB97001F516D /* Build configuration list for PBXNativeTarget "AzikusTask" */ = {
			isa = XCConfigurationList;
			buildConfigurations = (
				2688F9A82C29DB97001F516D /* Debug */,
				2688F9A92C29DB97001F516D /* Release */,
			);
			defaultConfigurationIsVisible = 0;
			defaultConfigurationName = Release;
		};
		2688F9AA2C29DB97001F516D /* Build configuration list for PBXNativeTarget "AzikusTaskTests" */ = {
			isa = XCConfigurationList;
			buildConfigurations = (
				2688F9AB2C29DB97001F516D /* Debug */,
				2688F9AC2C29DB97001F516D /* Release */,
			);
			defaultConfigurationIsVisible = 0;
			defaultConfigurationName = Release;
		};
		2688F9AD2C29DB97001F516D /* Build configuration list for PBXNativeTarget "AzikusTaskUITests" */ = {
			isa = XCConfigurationList;
			buildConfigurations = (
				2688F9AE2C29DB97001F516D /* Debug */,
				2688F9AF2C29DB97001F516D /* Release */,
			);
			defaultConfigurationIsVisible = 0;
			defaultConfigurationName = Release;
		};
/* End XCConfigurationList section */
	};
	rootObject = 2688F9752C29DB92001F516D /* Project object */;
}
